
Microsoft Visual Studio Solution File, Format Version 12.00
# Visual Studio Version 17
VisualStudioVersion = 17.0.32112.339
MinimumVisualStudioVersion = 10.0.40219.1
Project("{FAE04EC0-301F-11D3-BF4B-00C04F79EFBC}") = "new_dex", "new_dex.csproj", "{DF3D1269-D150-4857-967A-2CF6C888210B}"
EndProject
Global
	GlobalSection(SolutionConfigurationPlatforms) = preSolution
		Debug|Any CPU = Debug|Any CPU
		Release|Any CPU = Release|Any CPU
	EndGlobalSection
	GlobalSection(ProjectConfigurationPlatforms) = postSolution
		{DF3D1269-D150-4857-967A-2CF6C888210B}.Debug|Any CPU.ActiveCfg = Debug|Any CPU
		{DF3D1269-D150-4857-967A-2CF6C888210B}.Debug|Any CPU.Build.0 = Debug|Any CPU
		{DF3D1269-D150-4857-967A-2CF6C888210B}.Release|Any CPU.ActiveCfg = Release|Any CPU
		{DF3D1269-D150-4857-967A-2CF6C888210B}.Release|Any CPU.Build.0 = Release|Any CPU
	EndGlobalSection
	GlobalSection(SolutionProperties) = preSolution
		HideSolutionNode = FALSE
	EndGlobalSection
	GlobalSection(ExtensibilityGlobals) = postSolution
		SolutionGuid = {E8FA35E6-87A3-4016-AF70-3A75C3BFC162}
	EndGlobalSection
EndGlobal
